<?xml version="1.0" encoding="utf-8"?>
<Project ToolsVersion="4.0" xmlns="http://schemas.microsoft.com/developer/msbuild/2003">
  <ItemGroup>
    <Filter Include="Source Files">
      <UniqueIdentifier>{4FC737F1-C7A5-4376-A066-2A32D752A2FF}</UniqueIdentifier>
      <Extensions>cpp;c;cc;cxx;def;odl;idl;hpj;bat;asm;asmx</Extensions>
    </Filter>
    <Filter Include="Header Files">
      <UniqueIdentifier>{93995380-89BD-4b04-88EB-625FBE52EBFB}</UniqueIdentifier>
      <Extensions>h;hh;hpp;hxx;hm;inl;inc;xsd</Extensions>
    </Filter>
    <Filter Include="Resource Files">
      <UniqueIdentifier>{67DA6AB6-F800-4c08-8B7A-83BB121AAD01}</UniqueIdentifier>
      <Extensions>rc;ico;cur;bmp;dlg;rc2;rct;bin;rgs;gif;jpg;jpeg;jpe;resx;tiff;tif;png;wav;mfcribbon-ms</Extensions>
    </Filter>
    <Filter Include="Scintilla">
      <UniqueIdentifier>{e44879ed-8f3f-4dfc-a15d-4dd83d369122}</UniqueIdentifier>
    </Filter>
    <Filter Include="tinyxml">
      <UniqueIdentifier>{5b962406-6969-405a-885b-dcb92add174e}</UniqueIdentifier>
    </Filter>
  </ItemGroup>
  <ItemGroup>
    <ClCompile Include="..\ThirdParty\Scintilla\lexlib\Accessor.cxx">
      <Filter>Scintilla</Filter>
    </ClCompile>
    <ClCompile Include="..\ThirdParty\Scintilla\lexlib\LexerBase.cxx">
      <Filter>Scintilla</Filter>
    </ClCompile>
    <ClCompile Include="..\ThirdParty\Scintilla\lexlib\WordList.cxx">
      <Filter>Scintilla</Filter>
    </ClCompile>
    <ClCompile Include="src\ConTeXtEditU.cpp">
      <Filter>Source Files</Filter>
    </ClCompile>
    <ClCompile Include="src\DynamicIDManager.cpp">
      <Filter>Source Files</Filter>
    </ClCompile>
    <ClCompile Include="src\Lexer.cpp">
      <Filter>Source Files</Filter>
    </ClCompile>
    <ClCompile Include="src\MenuManager.cpp">
      <Filter>Source Files</Filter>
    </ClCompile>
    <ClCompile Include="src\NotepadPPU.cpp">
      <Filter>Source Files</Filter>
    </ClCompile>
    <ClCompile Include="src\NppAllocator.cpp">
      <Filter>Source Files</Filter>
    </ClCompile>
    <ClCompile Include="src\Plugin.cpp">
      <Filter>Source Files</Filter>
    </ClCompile>
    <ClCompile Include="src\StdAfx.cpp">
      <Filter>Source Files</Filter>
    </ClCompile>
    <ClCompile Include="src\Tag.cpp">
      <Filter>Source Files</Filter>
    </ClCompile>
    <ClCompile Include="src\ContextMenu.cpp">
      <Filter>Source Files</Filter>
    </ClCompile>
    <ClCompile Include="..\ThirdParty\tinyxml\tinyxml.cpp">
      <Filter>tinyxml</Filter>
    </ClCompile>
    <ClCompile Include="..\ThirdParty\tinyxml\tinyxmlerror.cpp">
      <Filter>tinyxml</Filter>
    </ClCompile>
    <ClCompile Include="..\ThirdParty\tinyxml\tinyxmlparser.cpp">
      <Filter>tinyxml</Filter>
    </ClCompile>
  </ItemGroup>
  <ItemGroup>
    <None Include="src\Exports.def">
      <Filter>Source Files</Filter>
    </None>
  </ItemGroup>
  <ItemGroup>
    <ResourceCompile Include="src\Plugin.rc">
      <Filter>Resource Files</Filter>
    </ResourceCompile>
  </ItemGroup>
  <ItemGroup>
    <ClInclude Include="src\ConTeXtEditU.h">
      <Filter>Header Files</Filter>
    </ClInclude>
    <ClInclude Include="src\DynamicIDManager.h">
      <Filter>Header Files</Filter>
    </ClInclude>
    <ClInclude Include="src\IDAllocator.h">
      <Filter>Header Files</Filter>
    </ClInclude>
    <ClInclude Include="src\Lexer.h">
      <Filter>Header Files</Filter>
    </ClInclude>
    <ClInclude Include="src\MenuManager.h">
      <Filter>Header Files</Filter>
    </ClInclude>
    <ClInclude Include="src\NotepadPPU.h">
      <Filter>Header Files</Filter>
    </ClInclude>
    <ClInclude Include="src\NppAllocator.h">
      <Filter>Header Files</Filter>
    </ClInclude>
    <ClInclude Include="src\StdAfx.h">
      <Filter>Header Files</Filter>
    </ClInclude>
    <ClInclude Include="src\Tag.h">
      <Filter>Header Files</Filter>
    </ClInclude>
    <ClInclude Include="src\ContextMenu.h">
      <Filter>Header Files</Filter>
    </ClInclude>
    <ClInclude Include="..\ThirdParty\tinyxml\tinyxml.h">
      <Filter>tinyxml</Filter>
    </ClInclude>
  </ItemGroup>
</Project>